// !$*UTF8*$!
{
	archiveVersion = 1;
	classes = {
	};
	objectVersion = 55;
	objects = {

/* Begin PBXBuildFile section */
		0043DAF42717DF2A007A1B29 /* AppDelegate.swift in Sources */ = {isa = PBXBuildFile; fileRef = 0043DAF32717DF2A007A1B29 /* AppDelegate.swift */; };
		0043DAFD2717DF2A007A1B29 /* Assets.xcassets in Resources */ = {isa = PBXBuildFile; fileRef = 0043DAFC2717DF2A007A1B29 /* Assets.xcassets */; };
		0043DB002717DF2A007A1B29 /* LaunchScreen.storyboard in Resources */ = {isa = PBXBuildFile; fileRef = 0043DAFE2717DF2A007A1B29 /* LaunchScreen.storyboard */; };
		0043DB0D2717DFF6007A1B29 /* FBMeUser.swift in Sources */ = {isa = PBXBuildFile; fileRef = 0043DB0C2717DFF6007A1B29 /* FBMeUser.swift */; };
		0043DB0F2717E0E2007A1B29 /* FBMeBaseCell.swift in Sources */ = {isa = PBXBuildFile; fileRef = 0043DB0E2717E0E2007A1B29 /* FBMeBaseCell.swift */; };
		0043DB132717E2D1007A1B29 /* FBMeViewController.swift in Sources */ = {isa = PBXBuildFile; fileRef = 0043DB122717E2D1007A1B29 /* FBMeViewController.swift */; };
		0043DB152717ED41007A1B29 /* FBMeBaseViewController.swift in Sources */ = {isa = PBXBuildFile; fileRef = 0043DB142717ED41007A1B29 /* FBMeBaseViewController.swift */; };
		0043DB172717EF00007A1B29 /* TableKeys.swift in Sources */ = {isa = PBXBuildFile; fileRef = 0043DB162717EF00007A1B29 /* TableKeys.swift */; };
		0043DB192717F578007A1B29 /* UIColor+Extension.swift in Sources */ = {isa = PBXBuildFile; fileRef = 0043DB182717F578007A1B29 /* UIColor+Extension.swift */; };
		0043DB1B2717FC55007A1B29 /* Specs.swift in Sources */ = {isa = PBXBuildFile; fileRef = 0043DB1A2717FC55007A1B29 /* Specs.swift */; };
/* End PBXBuildFile section */

/* Begin PBXFileReference section */
		0043DAF02717DF2A007A1B29 /* FacebookMe.app */ = {isa = PBXFileReference; explicitFileType = wrapper.application; includeInIndex = 0; path = FacebookMe.app; sourceTree = BUILT_PRODUCTS_DIR; };
		0043DAF32717DF2A007A1B29 /* AppDelegate.swift */ = {isa = PBXFileReference; lastKnownFileType = sourcecode.swift; path = AppDelegate.swift; sourceTree = "<group>"; };
		0043DAFC2717DF2A007A1B29 /* Assets.xcassets */ = {isa = PBXFileReference; lastKnownFileType = folder.assetcatalog; path = Assets.xcassets; sourceTree = "<group>"; };
		0043DAFF2717DF2A007A1B29 /* Base */ = {isa = PBXFileReference; lastKnownFileType = file.storyboard; name = Base; path = Base.lproj/LaunchScreen.storyboard; sourceTree = "<group>"; };
		0043DB012717DF2A007A1B29 /* Info.plist */ = {isa = PBXFileReference; lastKnownFileType = text.plist.xml; path = Info.plist; sourceTree = "<group>"; };
		0043DB0C2717DFF6007A1B29 /* FBMeUser.swift */ = {isa = PBXFileReference; lastKnownFileType = sourcecode.swift; path = FBMeUser.swift; sourceTree = "<group>"; };
		0043DB0E2717E0E2007A1B29 /* FBMeBaseCell.swift */ = {isa = PBXFileReference; lastKnownFileType = sourcecode.swift; path = FBMeBaseCell.swift; sourceTree = "<group>"; };
		0043DB122717E2D1007A1B29 /* FBMeViewController.swift */ = {isa = PBXFileReference; lastKnownFileType = sourcecode.swift; path = FBMeViewController.swift; sourceTree = "<group>"; };
		0043DB142717ED41007A1B29 /* FBMeBaseViewController.swift */ = {isa = PBXFileReference; lastKnownFileType = sourcecode.swift; path = FBMeBaseViewController.swift; sourceTree = "<group>"; };
		0043DB162717EF00007A1B29 /* TableKeys.swift */ = {isa = PBXFileReference; lastKnownFileType = sourcecode.swift; path = TableKeys.swift; sourceTree = "<group>"; };
		0043DB182717F578007A1B29 /* UIColor+Extension.swift */ = {isa = PBXFileReference; lastKnownFileType = sourcecode.swift; path = "UIColor+Extension.swift"; sourceTree = "<group>"; };
		0043DB1A2717FC55007A1B29 /* Specs.swift */ = {isa = PBXFileReference; lastKnownFileType = sourcecode.swift; path = Specs.swift; sourceTree = "<group>"; };
/* End PBXFileReference section */

/* Begin PBXFrameworksBuildPhase section */
		0043DAED2717DF2A007A1B29 /* Frameworks */ = {
			isa = PBXFrameworksBuildPhase;
			buildActionMask = 2147483647;
			files = (
			);
			runOnlyForDeploymentPostprocessing = 0;
		};
/* End PBXFrameworksBuildPhase section */

/* Begin PBXGroup section */
		0043DAE72717DF2A007A1B29 = {
			isa = PBXGroup;
			children = (
				0043DAF22717DF2A007A1B29 /* FacebookMe */,
				0043DAF12717DF2A007A1B29 /* Products */,
			);
			sourceTree = "<group>";
		};
		0043DAF12717DF2A007A1B29 /* Products */ = {
			isa = PBXGroup;
			children = (
				0043DAF02717DF2A007A1B29 /* FacebookMe.app */,
			);
			name = Products;
			sourceTree = "<group>";
		};
		0043DAF22717DF2A007A1B29 /* FacebookMe */ = {
			isa = PBXGroup;
			children = (
				0043DAF32717DF2A007A1B29 /* AppDelegate.swift */,
				0043DB072717DF50007A1B29 /* Helper */,
				0043DB092717DF70007A1B29 /* ViewController */,
				0043DB0B2717DFA8007A1B29 /* Model */,
				0043DAFC2717DF2A007A1B29 /* Assets.xcassets */,
				0043DAFE2717DF2A007A1B29 /* LaunchScreen.storyboard */,
				0043DB012717DF2A007A1B29 /* Info.plist */,
			);
			path = FacebookMe;
			sourceTree = "<group>";
		};
		0043DB072717DF50007A1B29 /* Helper */ = {
			isa = PBXGroup;
			children = (
				0043DB1A2717FC55007A1B29 /* Specs.swift */,
				0043DB182717F578007A1B29 /* UIColor+Extension.swift */,
				0043DB162717EF00007A1B29 /* TableKeys.swift */,
			);
			path = Helper;
			sourceTree = "<group>";
		};
		0043DB092717DF70007A1B29 /* ViewController */ = {
			isa = PBXGroup;
			children = (
				0043DB142717ED41007A1B29 /* FBMeBaseViewController.swift */,
				0043DB122717E2D1007A1B29 /* FBMeViewController.swift */,
				0043DB0A2717DF96007A1B29 /* View */,
			);
			path = ViewController;
			sourceTree = "<group>";
		};
		0043DB0A2717DF96007A1B29 /* View */ = {
			isa = PBXGroup;
			children = (
				0043DB0E2717E0E2007A1B29 /* FBMeBaseCell.swift */,
			);
			path = View;
			sourceTree = "<group>";
		};
		0043DB0B2717DFA8007A1B29 /* Model */ = {
			isa = PBXGroup;
			children = (
				0043DB0C2717DFF6007A1B29 /* FBMeUser.swift */,
			);
			path = Model;
			sourceTree = "<group>";
		};
/* End PBXGroup section */

/* Begin PBXNativeTarget section */
		0043DAEF2717DF2A007A1B29 /* FacebookMe */ = {
			isa = PBXNativeTarget;
			buildConfigurationList = 0043DB042717DF2A007A1B29 /* Build configuration list for PBXNativeTarget "FacebookMe" */;
			buildPhases = (
				0043DAEC2717DF2A007A1B29 /* Sources */,
				0043DAED2717DF2A007A1B29 /* Frameworks */,
				0043DAEE2717DF2A007A1B29 /* Resources */,
			);
			buildRules = (
			);
			dependencies = (
			);
			name = FacebookMe;
			productName = FacebookMe;
			productReference = 0043DAF02717DF2A007A1B29 /* FacebookMe.app */;
			productType = "com.apple.product-type.application";
		};
/* End PBXNativeTarget section */

/* Begin PBXProject section */
		0043DAE82717DF2A007A1B29 /* Project object */ = {
			isa = PBXProject;
			attributes = {
				BuildIndependentTargetsInParallel = 1;
				LastSwiftUpdateCheck = 1300;
				LastUpgradeCheck = 1300;
				TargetAttributes = {
					0043DAEF2717DF2A007A1B29 = {
						CreatedOnToolsVersion = 13.0;
					};
				};
			};
			buildConfigurationList = 0043DAEB2717DF2A007A1B29 /* Build configuration list for PBXProject "FacebookMe" */;
			compatibilityVersion = "Xcode 13.0";
			developmentRegion = en;
			hasScannedForEncodings = 0;
			knownRegions = (
				en,
				Base,
			);
			mainGroup = 0043DAE72717DF2A007A1B29;
			productRefGroup = 0043DAF12717DF2A007A1B29 /* Products */;
			projectDirPath = "";
			projectRoot = "";
			targets = (
				0043DAEF2717DF2A007A1B29 /* FacebookMe */,
			);
		};
/* End PBXProject section */

/* Begin PBXResourcesBuildPhase section */
		0043DAEE2717DF2A007A1B29 /* Resources */ = {
			isa = PBXResourcesBuildPhase;
			buildActionMask = 2147483647;
			files = (
				0043DB002717DF2A007A1B29 /* LaunchScreen.storyboard in Resources */,
				0043DAFD2717DF2A007A1B29 /* Assets.xcassets in Resources */,
			);
			runOnlyForDeploymentPostprocessing = 0;
		};
/* End PBXResourcesBuildPhase section */

/* Begin PBXSourcesBuildPhase section */
		0043DAEC2717DF2A007A1B29 /* Sources */ = {
			isa = PBXSourcesBuildPhase;
			buildActionMask = 2147483647;
			files = (
				0043DB192717F578007A1B29 /* UIColor+Extension.swift in Sources */,
				0043DB132717E2D1007A1B29 /* FBMeViewController.swift in Sources */,
				0043DB0D2717DFF6007A1B29 /* FBMeUser.swift in Sources */,
				0043DB172717EF00007A1B29 /* TableKeys.swift in Sources */,
				0043DB1B2717FC55007A1B29 /* Specs.swift in Sources */,
				0043DAF42717DF2A007A1B29 /* AppDelegate.swift in Sources */,
				0043DB0F2717E0E2007A1B29 /* FBMeBaseCell.swift in Sources */,
				0043DB152717ED41007A1B29 /* FBMeBaseViewController.swift in Sources */,
			);
			runOnlyForDeploymentPostprocessing = 0;
		};
/* End PBXSourcesBuildPhase section */

/* Begin PBXVariantGroup section */
		0043DAFE2717DF2A007A1B29 /* LaunchScreen.storyboard */ = {
			isa = PBXVariantGroup;
			children = (
				0043DAFF2717DF2A007A1B29 /* Base */,
			);
			name = LaunchScreen.storyboard;
			sourceTree = "<group>";
		};
/* End PBXVariantGroup section */

/* Begin XCBuildConfiguration section */
		0043DB022717DF2A007A1B29 /* Debug */ = {
			isa = XCBuildConfiguration;
			buildSettings = {
				ALWAYS_SEARCH_USER_PATHS = NO;
				CLANG_ANALYZER_NONNULL = YES;
				CLANG_ANALYZER_NUMBER_OBJECT_CONVERSION = YES_AGGRESSIVE;
				CLANG_CXX_LANGUAGE_STANDARD = "gnu++17";
				CLANG_CXX_LIBRARY = "libc++";
				CLANG_ENABLE_MODULES = YES;
				CLANG_ENABLE_OBJC_ARC = YES;
				CLANG_ENABLE_OBJC_WEAK = YES;
				CLANG_WARN_BLOCK_CAPTURE_AUTORELEASING = YES;
				CLANG_WARN_BOOL_CONVERSION = YES;
				CLANG_WARN_COMMA = YES;
				CLANG_WARN_CONSTANT_CONVERSION = YES;
				CLANG_WARN_DEPRECATED_OBJC_IMPLEMENTATIONS = YES;
				CLANG_WARN_DIRECT_OBJC_ISA_USAGE = YES_ERROR;
				CLANG_WARN_DOCUMENTATION_COMMENTS = YES;
				CLANG_WARN_EMPTY_BODY = YES;
				CLANG_WARN_ENUM_CONVERSION = YES;
				CLANG_WARN_INFINITE_RECURSION = YES;
				CLANG_WARN_INT_CONVERSION = YES;
				CLANG_WARN_NON_LITERAL_NULL_CONVERSION = YES;
				CLANG_WARN_OBJC_IMPLICIT_RETAIN_SELF = YES;
				CLANG_WARN_OBJC_LITERAL_CONVERSION = YES;
				CLANG_WARN_OBJC_ROOT_CLASS = YES_ERROR;
				CLANG_WARN_QUOTED_INCLUDE_IN_FRAMEWORK_HEADER = YES;
				CLANG_WARN_RANGE_LOOP_ANALYSIS = YES;
				CLANG_WARN_STRICT_PROTOTYPES = YES;
				CLANG_WARN_SUSPICIOUS_MOVE = YES;
				CLANG_WARN_UNGUARDED_AVAILABILITY = YES_AGGRESSIVE;
				CLANG_WARN_UNREACHABLE_CODE = YES;
				CLANG_WARN__DUPLICATE_METHOD_MATCH = YES;
				COPY_PHASE_STRIP = NO;
				DEBUG_INFORMATION_FORMAT = dwarf;
				ENABLE_STRICT_OBJC_MSGSEND = YES;
				ENABLE_TESTABILITY = YES;
				GCC_C_LANGUAGE_STANDARD = gnu11;
				GCC_DYNAMIC_NO_PIC = NO;
				GCC_NO_COMMON_BLOCKS = YES;
				GCC_OPTIMIZATION_LEVEL = 0;
				GCC_PREPROCESSOR_DEFINITIONS = (
					"DEBUG=1",
					"$(inherited)",
				);
				GCC_WARN_64_TO_32_BIT_CONVERSION = YES;
				GCC_WARN_ABOUT_RETURN_TYPE = YES_ERROR;
				GCC_WARN_UNDECLARED_SELECTOR = YES;
				GCC_WARN_UNINITIALIZED_AUTOS = YES_AGGRESSIVE;
				GCC_WARN_UNUSED_FUNCTION = YES;
				GCC_WARN_UNUSED_VARIABLE = YES;
				IPHONEOS_DEPLOYMENT_TARGET = 15.0;
				MTL_ENABLE_DEBUG_INFO = INCLUDE_SOURCE;
				MTL_FAST_MATH = YES;
				ONLY_ACTIVE_ARCH = YES;
				SDKROOT = iphoneos;
				SWIFT_ACTIVE_COMPILATION_CONDITIONS = DEBUG;
				SWIFT_OPTIMIZATION_LEVEL = "-Onone";
			};
			name = Debug;
		};
		0043DB032717DF2A007A1B29 /* Release */ = {
			isa = XCBuildConfiguration;
			buildSettings = {
				ALWAYS_SEARCH_USER_PATHS = NO;
				CLANG_ANALYZER_NONNULL = YES;
				CLANG_ANALYZER_NUMBER_OBJECT_CONVERSION = YES_AGGRESSIVE;
				CLANG_CXX_LANGUAGE_STANDARD = "gnu++17";
				CLANG_CXX_LIBRARY = "libc++";
				CLANG_ENABLE_MODULES = YES;
				CLANG_ENABLE_OBJC_ARC = YES;
				CLANG_ENABLE_OBJC_WEAK = YES;
				CLANG_WARN_BLOCK_CAPTURE_AUTORELEASING = YES;
				CLANG_WARN_BOOL_CONVERSION = YES;
				CLANG_WARN_COMMA = YES;
				CLANG_WARN_CONSTANT_CONVERSION = YES;
				CLANG_WARN_DEPRECATED_OBJC_IMPLEMENTATIONS = YES;
				CLANG_WARN_DIRECT_OBJC_ISA_USAGE = YES_ERROR;
				CLANG_WARN_DOCUMENTATION_COMMENTS = YES;
				CLANG_WARN_EMPTY_BODY = YES;
				CLANG_WARN_ENUM_CONVERSION = YES;
				CLANG_WARN_INFINITE_RECURSION = YES;
				CLANG_WARN_INT_CONVERSION = YES;
				CLANG_WARN_NON_LITERAL_NULL_CONVERSION = YES;
				CLANG_WARN_OBJC_IMPLICIT_RETAIN_SELF = YES;
				CLANG_WARN_OBJC_LITERAL_CONVERSION = YES;
				CLANG_WARN_OBJC_ROOT_CLASS = YES_ERROR;
				CLANG_WARN_QUOTED_INCLUDE_IN_FRAMEWORK_HEADER = YES;
				CLANG_WARN_RANGE_LOOP_ANALYSIS = YES;
				CLANG_WARN_STRICT_PROTOTYPES = YES;
				CLANG_WARN_SUSPICIOUS_MOVE = YES;
				CLANG_WARN_UNGUARDED_AVAILABILITY = YES_AGGRESSIVE;
				CLANG_WARN_UNREACHABLE_CODE = YES;
				CLANG_WARN__DUPLICATE_METHOD_MATCH = YES;
				COPY_PHASE_STRIP = NO;
				DEBUG_INFORMATION_FORMAT = "dwarf-with-dsym";
				ENABLE_NS_ASSERTIONS = NO;
				ENABLE_STRICT_OBJC_MSGSEND = YES;
				GCC_C_LANGUAGE_STANDARD = gnu11;
				GCC_NO_COMMON_BLOCKS = YES;
				GCC_WARN_64_TO_32_BIT_CONVERSION = YES;
				GCC_WARN_ABOUT_RETURN_TYPE = YES_ERROR;
				GCC_WARN_UNDECLARED_SELECTOR = YES;
				GCC_WARN_UNINITIALIZED_AUTOS = YES_AGGRESSIVE;
				GCC_WARN_UNUSED_FUNCTION = YES;
				GCC_WARN_UNUSED_VARIABLE = YES;
				IPHONEOS_DEPLOYMENT_TARGET = 15.0;
				MTL_ENABLE_DEBUG_INFO = NO;
				MTL_FAST_MATH = YES;
				SDKROOT = iphoneos;
				SWIFT_COMPILATION_MODE = wholemodule;
				SWIFT_OPTIMIZATION_LEVEL = "-O";
				VALIDATE_PRODUCT = YES;
			};
			name = Release;
		};
		0043DB052717DF2A007A1B29 /* Debug */ = {
			isa = XCBuildConfiguration;
			buildSettings = {
				ASSETCATALOG_COMPILER_APPICON_NAME = AppIcon;
				ASSETCATALOG_COMPILER_GLOBAL_ACCENT_COLOR_NAME = AccentColor;
				CODE_SIGN_STYLE = Automatic;
				CURRENT_PROJECT_VERSION = 1;
				GENERATE_INFOPLIST_FILE = YES;
				INFOPLIST_FILE = FacebookMe/Info.plist;
				INFOPLIST_KEY_UIApplicationSupportsIndirectInputEvents = YES;
				INFOPLIST_KEY_UILaunchStoryboardName = LaunchScreen;
				INFOPLIST_KEY_UIRequiredDeviceCapabilities = "\"\"";
				INFOPLIST_KEY_UISupportedInterfaceOrientations = "UIInterfaceOrientationPortrait UIInterfaceOrientationLandscapeLeft UIInterfaceOrientationLandscapeRight";
				INFOPLIST_KEY_UISupportedInterfaceOrientations_iPad = UIInterfaceOrientationPortrait;
				INFOPLIST_KEY_UISupportedInterfaceOrientations_iPhone = "UIInterfaceOrientationPortrait UIInterfaceOrientationLandscapeLeft UIInterfaceOrientationLandscapeRight";
				LD_RUNPATH_SEARCH_PATHS = (
					"$(inherited)",
					"@executable_path/Frameworks",
				);
				MARKETING_VERSION = 1.0;
				PRODUCT_BUNDLE_IDENTIFIER = chacharachu.FacebookMe;
				PRODUCT_NAME = "$(TARGET_NAME)";
				SWIFT_EMIT_LOC_STRINGS = YES;
				SWIFT_VERSION = 5.0;
				TARGETED_DEVICE_FAMILY = "1,2";
			};
			name = Debug;
		};
		0043DB062717DF2A007A1B29 /* Release */ = {
			isa = XCBuildConfiguration;
			buildSettings = {
				ASSETCATALOG_COMPILER_APPICON_NAME = AppIcon;
				ASSETCATALOG_COMPILER_GLOBAL_ACCENT_COLOR_NAME = AccentColor;
				CODE_SIGN_STYLE = Automatic;
				CURRENT_PROJECT_VERSION = 1;
				GENERATE_INFOPLIST_FILE = YES;
				INFOPLIST_FILE = FacebookMe/Info.plist;
				INFOPLIST_KEY_UIApplicationSupportsIndirectInputEvents = YES;
				INFOPLIST_KEY_UILaunchStoryboardName = LaunchScreen;
				INFOPLIST_KEY_UIRequiredDeviceCapabilities = "\"\"";
				INFOPLIST_KEY_UISupportedInterfaceOrientations = "UIInterfaceOrientationPortrait UIInterfaceOrientationLandscapeLeft UIInterfaceOrientationLandscapeRight";
				INFOPLIST_KEY_UISupportedInterfaceOrientations_iPad = UIInterfaceOrientationPortrait;
				INFOPLIST_KEY_UISupportedInterfaceOrientations_iPhone = "UIInterfaceOrientationPortrait UIInterfaceOrientationLandscapeLeft UIInterfaceOrientationLandscapeRight";
				LD_RUNPATH_SEARCH_PATHS = (
					"$(inherited)",
					"@executable_path/Frameworks",
				);
				MARKETING_VERSION = 1.0;
				PRODUCT_BUNDLE_IDENTIFIER = chacharachu.FacebookMe;
				PRODUCT_NAME = "$(TARGET_NAME)";
				SWIFT_EMIT_LOC_STRINGS = YES;
				SWIFT_VERSION = 5.0;
				TARGETED_DEVICE_FAMILY = "1,2";
			};
			name = Release;
		};
/* End XCBuildConfiguration section */

/* Begin XCConfigurationList section */
		0043DAEB2717DF2A007A1B29 /* Build configuration list for PBXProject "FacebookMe" */ = {
			isa = XCConfigurationList;
			buildConfigurations = (
				0043DB022717DF2A007A1B29 /* Debug */,
				0043DB032717DF2A007A1B29 /* Release */,
			);
			defaultConfigurationIsVisible = 0;
			defaultConfigurationName = Release;
		};
		0043DB042717DF2A007A1B29 /* Build configuration list for PBXNativeTarget "FacebookMe" */ = {
			isa = XCConfigurationList;
			buildConfigurations = (
				0043DB052717DF2A007A1B29 /* Debug */,
				0043DB062717DF2A007A1B29 /* Release */,
			);
			defaultConfigurationIsVisible = 0;
			defaultConfigurationName = Release;
		};
/* End XCConfigurationList section */
	};
	rootObject = 0043DAE82717DF2A007A1B29 /* Project object */;
}
