// !$*UTF8*$!
{
	archiveVersion = 1;
	classes = {
	};
	objectVersion = 50;
	objects = {

/* Begin PBXBuildFile section */
		9B95EA1027300BE100A5E402 /* AppDelegate.swift in Sources */ = {isa = PBXBuildFile; fileRef = 9B95EA0F27300BE100A5E402 /* AppDelegate.swift */; };
		9B95EA1227300BE100A5E402 /* SceneDelegate.swift in Sources */ = {isa = PBXBuildFile; fileRef = 9B95EA1127300BE100A5E402 /* SceneDelegate.swift */; };
		9B95EA1727300BE100A5E402 /* Main.storyboard in Resources */ = {isa = PBXBuildFile; fileRef = 9B95EA1527300BE100A5E402 /* Main.storyboard */; };
		9B95EA1927300BE500A5E402 /* Assets.xcassets in Resources */ = {isa = PBXBuildFile; fileRef = 9B95EA1827300BE500A5E402 /* Assets.xcassets */; };
		9B95EA1C27300BE500A5E402 /* LaunchScreen.storyboard in Resources */ = {isa = PBXBuildFile; fileRef = 9B95EA1A27300BE500A5E402 /* LaunchScreen.storyboard */; };
		9B95EA24273010F300A5E402 /* MainController.swift in Sources */ = {isa = PBXBuildFile; fileRef = 9B95EA23273010F300A5E402 /* MainController.swift */; };
		9B95EA262730112200A5E402 /* AddController.swift in Sources */ = {isa = PBXBuildFile; fileRef = 9B95EA252730112200A5E402 /* AddController.swift */; };
		9B95EA282730113700A5E402 /* DetailController.swift in Sources */ = {isa = PBXBuildFile; fileRef = 9B95EA272730113700A5E402 /* DetailController.swift */; };
		9B95EA2D2730177F00A5E402 /* cart.png in Resources */ = {isa = PBXBuildFile; fileRef = 9B95EA2A2730177E00A5E402 /* cart.png */; };
		9B95EA2E2730177F00A5E402 /* pencil.png in Resources */ = {isa = PBXBuildFile; fileRef = 9B95EA2B2730177E00A5E402 /* pencil.png */; };
		9B95EA2F2730177F00A5E402 /* clock.png in Resources */ = {isa = PBXBuildFile; fileRef = 9B95EA2C2730177F00A5E402 /* clock.png */; };
		9BAE39D12732BA9000477B5B /* cvb.jpg in Resources */ = {isa = PBXBuildFile; fileRef = 9BAE39CD2732BA8F00477B5B /* cvb.jpg */; };
		9BAE39D22732BA9000477B5B /* asd.jpg in Resources */ = {isa = PBXBuildFile; fileRef = 9BAE39CE2732BA9000477B5B /* asd.jpg */; };
		9BAE39D32732BA9000477B5B /* klj.jpg in Resources */ = {isa = PBXBuildFile; fileRef = 9BAE39CF2732BA9000477B5B /* klj.jpg */; };
		9BAE39D42732BA9000477B5B /* oiu.jpg in Resources */ = {isa = PBXBuildFile; fileRef = 9BAE39D02732BA9000477B5B /* oiu.jpg */; };
/* End PBXBuildFile section */

/* Begin PBXFileReference section */
		9B95EA0C27300BE100A5E402 /* day_11.app */ = {isa = PBXFileReference; explicitFileType = wrapper.application; includeInIndex = 0; path = day_11.app; sourceTree = BUILT_PRODUCTS_DIR; };
		9B95EA0F27300BE100A5E402 /* AppDelegate.swift */ = {isa = PBXFileReference; lastKnownFileType = sourcecode.swift; path = AppDelegate.swift; sourceTree = "<group>"; };
		9B95EA1127300BE100A5E402 /* SceneDelegate.swift */ = {isa = PBXFileReference; lastKnownFileType = sourcecode.swift; path = SceneDelegate.swift; sourceTree = "<group>"; };
		9B95EA1627300BE100A5E402 /* Base */ = {isa = PBXFileReference; lastKnownFileType = file.storyboard; name = Base; path = Base.lproj/Main.storyboard; sourceTree = "<group>"; };
		9B95EA1827300BE500A5E402 /* Assets.xcassets */ = {isa = PBXFileReference; lastKnownFileType = folder.assetcatalog; path = Assets.xcassets; sourceTree = "<group>"; };
		9B95EA1B27300BE500A5E402 /* Base */ = {isa = PBXFileReference; lastKnownFileType = file.storyboard; name = Base; path = Base.lproj/LaunchScreen.storyboard; sourceTree = "<group>"; };
		9B95EA1D27300BE500A5E402 /* Info.plist */ = {isa = PBXFileReference; lastKnownFileType = text.plist.xml; path = Info.plist; sourceTree = "<group>"; };
		9B95EA23273010F300A5E402 /* MainController.swift */ = {isa = PBXFileReference; lastKnownFileType = sourcecode.swift; path = MainController.swift; sourceTree = "<group>"; };
		9B95EA252730112200A5E402 /* AddController.swift */ = {isa = PBXFileReference; lastKnownFileType = sourcecode.swift; path = AddController.swift; sourceTree = "<group>"; };
		9B95EA272730113700A5E402 /* DetailController.swift */ = {isa = PBXFileReference; lastKnownFileType = sourcecode.swift; path = DetailController.swift; sourceTree = "<group>"; };
		9B95EA2A2730177E00A5E402 /* cart.png */ = {isa = PBXFileReference; lastKnownFileType = image.png; path = cart.png; sourceTree = "<group>"; };
		9B95EA2B2730177E00A5E402 /* pencil.png */ = {isa = PBXFileReference; lastKnownFileType = image.png; path = pencil.png; sourceTree = "<group>"; };
		9B95EA2C2730177F00A5E402 /* clock.png */ = {isa = PBXFileReference; lastKnownFileType = image.png; path = clock.png; sourceTree = "<group>"; };
		9BAE39CD2732BA8F00477B5B /* cvb.jpg */ = {isa = PBXFileReference; lastKnownFileType = image.jpeg; path = cvb.jpg; sourceTree = "<group>"; };
		9BAE39CE2732BA9000477B5B /* asd.jpg */ = {isa = PBXFileReference; lastKnownFileType = image.jpeg; path = asd.jpg; sourceTree = "<group>"; };
		9BAE39CF2732BA9000477B5B /* klj.jpg */ = {isa = PBXFileReference; lastKnownFileType = image.jpeg; path = klj.jpg; sourceTree = "<group>"; };
		9BAE39D02732BA9000477B5B /* oiu.jpg */ = {isa = PBXFileReference; lastKnownFileType = image.jpeg; path = oiu.jpg; sourceTree = "<group>"; };
/* End PBXFileReference section */

/* Begin PBXFrameworksBuildPhase section */
		9B95EA0927300BE100A5E402 /* Frameworks */ = {
			isa = PBXFrameworksBuildPhase;
			buildActionMask = 2147483647;
			files = (
			);
			runOnlyForDeploymentPostprocessing = 0;
		};
/* End PBXFrameworksBuildPhase section */

/* Begin PBXGroup section */
		9B95EA0327300BE100A5E402 = {
			isa = PBXGroup;
			children = (
				9B95EA292730176000A5E402 /* fff */,
				9B95EA0E27300BE100A5E402 /* day_11 */,
				9B95EA0D27300BE100A5E402 /* Products */,
			);
			sourceTree = "<group>";
		};
		9B95EA0D27300BE100A5E402 /* Products */ = {
			isa = PBXGroup;
			children = (
				9B95EA0C27300BE100A5E402 /* day_11.app */,
			);
			name = Products;
			sourceTree = "<group>";
		};
		9B95EA0E27300BE100A5E402 /* day_11 */ = {
			isa = PBXGroup;
			children = (
				9B95EA0F27300BE100A5E402 /* AppDelegate.swift */,
				9B95EA1127300BE100A5E402 /* SceneDelegate.swift */,
				9B95EA1527300BE100A5E402 /* Main.storyboard */,
				9B95EA1827300BE500A5E402 /* Assets.xcassets */,
				9B95EA1A27300BE500A5E402 /* LaunchScreen.storyboard */,
				9B95EA1D27300BE500A5E402 /* Info.plist */,
				9B95EA23273010F300A5E402 /* MainController.swift */,
				9B95EA252730112200A5E402 /* AddController.swift */,
				9B95EA272730113700A5E402 /* DetailController.swift */,
			);
			path = day_11;
			sourceTree = "<group>";
		};
		9B95EA292730176000A5E402 /* fff */ = {
			isa = PBXGroup;
			children = (
				9B95EA2A2730177E00A5E402 /* cart.png */,
				9B95EA2C2730177F00A5E402 /* clock.png */,
				9B95EA2B2730177E00A5E402 /* pencil.png */,
				9BAE39CE2732BA9000477B5B /* asd.jpg */,
				9BAE39CD2732BA8F00477B5B /* cvb.jpg */,
				9BAE39CF2732BA9000477B5B /* klj.jpg */,
				9BAE39D02732BA9000477B5B /* oiu.jpg */,
			);
			path = fff;
			sourceTree = "<group>";
		};
/* End PBXGroup section */

/* Begin PBXNativeTarget section */
		9B95EA0B27300BE100A5E402 /* day_11 */ = {
			isa = PBXNativeTarget;
			buildConfigurationList = 9B95EA2027300BE500A5E402 /* Build configuration list for PBXNativeTarget "day_11" */;
			buildPhases = (
				9B95EA0827300BE100A5E402 /* Sources */,
				9B95EA0927300BE100A5E402 /* Frameworks */,
				9B95EA0A27300BE100A5E402 /* Resources */,
			);
			buildRules = (
			);
			dependencies = (
			);
			name = day_11;
			productName = day_11;
			productReference = 9B95EA0C27300BE100A5E402 /* day_11.app */;
			productType = "com.apple.product-type.application";
		};
/* End PBXNativeTarget section */

/* Begin PBXProject section */
		9B95EA0427300BE100A5E402 /* Project object */ = {
			isa = PBXProject;
			attributes = {
				LastSwiftUpdateCheck = 1250;
				LastUpgradeCheck = 1250;
				TargetAttributes = {
					9B95EA0B27300BE100A5E402 = {
						CreatedOnToolsVersion = 12.5.1;
					};
				};
			};
			buildConfigurationList = 9B95EA0727300BE100A5E402 /* Build configuration list for PBXProject "day_11" */;
			compatibilityVersion = "Xcode 9.3";
			developmentRegion = en;
			hasScannedForEncodings = 0;
			knownRegions = (
				en,
				Base,
			);
			mainGroup = 9B95EA0327300BE100A5E402;
			productRefGroup = 9B95EA0D27300BE100A5E402 /* Products */;
			projectDirPath = "";
			projectRoot = "";
			targets = (
				9B95EA0B27300BE100A5E402 /* day_11 */,
			);
		};
/* End PBXProject section */

/* Begin PBXResourcesBuildPhase section */
		9B95EA0A27300BE100A5E402 /* Resources */ = {
			isa = PBXResourcesBuildPhase;
			buildActionMask = 2147483647;
			files = (
				9BAE39D32732BA9000477B5B /* klj.jpg in Resources */,
				9B95EA2F2730177F00A5E402 /* clock.png in Resources */,
				9B95EA2E2730177F00A5E402 /* pencil.png in Resources */,
				9BAE39D12732BA9000477B5B /* cvb.jpg in Resources */,
				9B95EA1C27300BE500A5E402 /* LaunchScreen.storyboard in Resources */,
				9BAE39D42732BA9000477B5B /* oiu.jpg in Resources */,
				9B95EA2D2730177F00A5E402 /* cart.png in Resources */,
				9B95EA1927300BE500A5E402 /* Assets.xcassets in Resources */,
				9BAE39D22732BA9000477B5B /* asd.jpg in Resources */,
				9B95EA1727300BE100A5E402 /* Main.storyboard in Resources */,
			);
			runOnlyForDeploymentPostprocessing = 0;
		};
/* End PBXResourcesBuildPhase section */

/* Begin PBXSourcesBuildPhase section */
		9B95EA0827300BE100A5E402 /* Sources */ = {
			isa = PBXSourcesBuildPhase;
			buildActionMask = 2147483647;
			files = (
				9B95EA1027300BE100A5E402 /* AppDelegate.swift in Sources */,
				9B95EA24273010F300A5E402 /* MainController.swift in Sources */,
				9B95EA1227300BE100A5E402 /* SceneDelegate.swift in Sources */,
				9B95EA282730113700A5E402 /* DetailController.swift in Sources */,
				9B95EA262730112200A5E402 /* AddController.swift in Sources */,
			);
			runOnlyForDeploymentPostprocessing = 0;
		};
/* End PBXSourcesBuildPhase section */

/* Begin PBXVariantGroup section */
		9B95EA1527300BE100A5E402 /* Main.storyboard */ = {
			isa = PBXVariantGroup;
			children = (
				9B95EA1627300BE100A5E402 /* Base */,
			);
			name = Main.storyboard;
			sourceTree = "<group>";
		};
		9B95EA1A27300BE500A5E402 /* LaunchScreen.storyboard */ = {
			isa = PBXVariantGroup;
			children = (
				9B95EA1B27300BE500A5E402 /* Base */,
			);
			name = LaunchScreen.storyboard;
			sourceTree = "<group>";
		};
/* End PBXVariantGroup section */

/* Begin XCBuildConfiguration section */
		9B95EA1E27300BE500A5E402 /* Debug */ = {
			isa = XCBuildConfiguration;
			buildSettings = {
				ALWAYS_SEARCH_USER_PATHS = NO;
				CLANG_ANALYZER_NONNULL = YES;
				CLANG_ANALYZER_NUMBER_OBJECT_CONVERSION = YES_AGGRESSIVE;
				CLANG_CXX_LANGUAGE_STANDARD = "gnu++14";
				CLANG_CXX_LIBRARY = "libc++";
				CLANG_ENABLE_MODULES = YES;
				CLANG_ENABLE_OBJC_ARC = YES;
				CLANG_ENABLE_OBJC_WEAK = YES;
				CLANG_WARN_BLOCK_CAPTURE_AUTORELEASING = YES;
				CLANG_WARN_BOOL_CONVERSION = YES;
				CLANG_WARN_COMMA = YES;
				CLANG_WARN_CONSTANT_CONVERSION = YES;
				CLANG_WARN_DEPRECATED_OBJC_IMPLEMENTATIONS = YES;
				CLANG_WARN_DIRECT_OBJC_ISA_USAGE = YES_ERROR;
				CLANG_WARN_DOCUMENTATION_COMMENTS = YES;
				CLANG_WARN_EMPTY_BODY = YES;
				CLANG_WARN_ENUM_CONVERSION = YES;
				CLANG_WARN_INFINITE_RECURSION = YES;
				CLANG_WARN_INT_CONVERSION = YES;
				CLANG_WARN_NON_LITERAL_NULL_CONVERSION = YES;
				CLANG_WARN_OBJC_IMPLICIT_RETAIN_SELF = YES;
				CLANG_WARN_OBJC_LITERAL_CONVERSION = YES;
				CLANG_WARN_OBJC_ROOT_CLASS = YES_ERROR;
				CLANG_WARN_QUOTED_INCLUDE_IN_FRAMEWORK_HEADER = YES;
				CLANG_WARN_RANGE_LOOP_ANALYSIS = YES;
				CLANG_WARN_STRICT_PROTOTYPES = YES;
				CLANG_WARN_SUSPICIOUS_MOVE = YES;
				CLANG_WARN_UNGUARDED_AVAILABILITY = YES_AGGRESSIVE;
				CLANG_WARN_UNREACHABLE_CODE = YES;
				CLANG_WARN__DUPLICATE_METHOD_MATCH = YES;
				COPY_PHASE_STRIP = NO;
				DEBUG_INFORMATION_FORMAT = dwarf;
				ENABLE_STRICT_OBJC_MSGSEND = YES;
				ENABLE_TESTABILITY = YES;
				GCC_C_LANGUAGE_STANDARD = gnu11;
				GCC_DYNAMIC_NO_PIC = NO;
				GCC_NO_COMMON_BLOCKS = YES;
				GCC_OPTIMIZATION_LEVEL = 0;
				GCC_PREPROCESSOR_DEFINITIONS = (
					"DEBUG=1",
					"$(inherited)",
				);
				GCC_WARN_64_TO_32_BIT_CONVERSION = YES;
				GCC_WARN_ABOUT_RETURN_TYPE = YES_ERROR;
				GCC_WARN_UNDECLARED_SELECTOR = YES;
				GCC_WARN_UNINITIALIZED_AUTOS = YES_AGGRESSIVE;
				GCC_WARN_UNUSED_FUNCTION = YES;
				GCC_WARN_UNUSED_VARIABLE = YES;
				IPHONEOS_DEPLOYMENT_TARGET = 14.5;
				MTL_ENABLE_DEBUG_INFO = INCLUDE_SOURCE;
				MTL_FAST_MATH = YES;
				ONLY_ACTIVE_ARCH = YES;
				SDKROOT = iphoneos;
				SWIFT_ACTIVE_COMPILATION_CONDITIONS = DEBUG;
				SWIFT_OPTIMIZATION_LEVEL = "-Onone";
			};
			name = Debug;
		};
		9B95EA1F27300BE500A5E402 /* Release */ = {
			isa = XCBuildConfiguration;
			buildSettings = {
				ALWAYS_SEARCH_USER_PATHS = NO;
				CLANG_ANALYZER_NONNULL = YES;
				CLANG_ANALYZER_NUMBER_OBJECT_CONVERSION = YES_AGGRESSIVE;
				CLANG_CXX_LANGUAGE_STANDARD = "gnu++14";
				CLANG_CXX_LIBRARY = "libc++";
				CLANG_ENABLE_MODULES = YES;
				CLANG_ENABLE_OBJC_ARC = YES;
				CLANG_ENABLE_OBJC_WEAK = YES;
				CLANG_WARN_BLOCK_CAPTURE_AUTORELEASING = YES;
				CLANG_WARN_BOOL_CONVERSION = YES;
				CLANG_WARN_COMMA = YES;
				CLANG_WARN_CONSTANT_CONVERSION = YES;
				CLANG_WARN_DEPRECATED_OBJC_IMPLEMENTATIONS = YES;
				CLANG_WARN_DIRECT_OBJC_ISA_USAGE = YES_ERROR;
				CLANG_WARN_DOCUMENTATION_COMMENTS = YES;
				CLANG_WARN_EMPTY_BODY = YES;
				CLANG_WARN_ENUM_CONVERSION = YES;
				CLANG_WARN_INFINITE_RECURSION = YES;
				CLANG_WARN_INT_CONVERSION = YES;
				CLANG_WARN_NON_LITERAL_NULL_CONVERSION = YES;
				CLANG_WARN_OBJC_IMPLICIT_RETAIN_SELF = YES;
				CLANG_WARN_OBJC_LITERAL_CONVERSION = YES;
				CLANG_WARN_OBJC_ROOT_CLASS = YES_ERROR;
				CLANG_WARN_QUOTED_INCLUDE_IN_FRAMEWORK_HEADER = YES;
				CLANG_WARN_RANGE_LOOP_ANALYSIS = YES;
				CLANG_WARN_STRICT_PROTOTYPES = YES;
				CLANG_WARN_SUSPICIOUS_MOVE = YES;
				CLANG_WARN_UNGUARDED_AVAILABILITY = YES_AGGRESSIVE;
				CLANG_WARN_UNREACHABLE_CODE = YES;
				CLANG_WARN__DUPLICATE_METHOD_MATCH = YES;
				COPY_PHASE_STRIP = NO;
				DEBUG_INFORMATION_FORMAT = "dwarf-with-dsym";
				ENABLE_NS_ASSERTIONS = NO;
				ENABLE_STRICT_OBJC_MSGSEND = YES;
				GCC_C_LANGUAGE_STANDARD = gnu11;
				GCC_NO_COMMON_BLOCKS = YES;
				GCC_WARN_64_TO_32_BIT_CONVERSION = YES;
				GCC_WARN_ABOUT_RETURN_TYPE = YES_ERROR;
				GCC_WARN_UNDECLARED_SELECTOR = YES;
				GCC_WARN_UNINITIALIZED_AUTOS = YES_AGGRESSIVE;
				GCC_WARN_UNUSED_FUNCTION = YES;
				GCC_WARN_UNUSED_VARIABLE = YES;
				IPHONEOS_DEPLOYMENT_TARGET = 14.5;
				MTL_ENABLE_DEBUG_INFO = NO;
				MTL_FAST_MATH = YES;
				SDKROOT = iphoneos;
				SWIFT_COMPILATION_MODE = wholemodule;
				SWIFT_OPTIMIZATION_LEVEL = "-O";
				VALIDATE_PRODUCT = YES;
			};
			name = Release;
		};
		9B95EA2127300BE500A5E402 /* Debug */ = {
			isa = XCBuildConfiguration;
			buildSettings = {
				ASSETCATALOG_COMPILER_APPICON_NAME = AppIcon;
				ASSETCATALOG_COMPILER_GLOBAL_ACCENT_COLOR_NAME = AccentColor;
				CODE_SIGN_STYLE = Automatic;
				DEVELOPMENT_TEAM = 99TRHU395A;
				INFOPLIST_FILE = day_11/Info.plist;
				LD_RUNPATH_SEARCH_PATHS = (
					"$(inherited)",
					"@executable_path/Frameworks",
				);
				PRODUCT_BUNDLE_IDENTIFIER = "ewfewfewf.day-11";
				PRODUCT_NAME = "$(TARGET_NAME)";
				SWIFT_VERSION = 5.0;
				TARGETED_DEVICE_FAMILY = "1,2";
			};
			name = Debug;
		};
		9B95EA2227300BE500A5E402 /* Release */ = {
			isa = XCBuildConfiguration;
			buildSettings = {
				ASSETCATALOG_COMPILER_APPICON_NAME = AppIcon;
				ASSETCATALOG_COMPILER_GLOBAL_ACCENT_COLOR_NAME = AccentColor;
				CODE_SIGN_STYLE = Automatic;
				DEVELOPMENT_TEAM = 99TRHU395A;
				INFOPLIST_FILE = day_11/Info.plist;
				LD_RUNPATH_SEARCH_PATHS = (
					"$(inherited)",
					"@executable_path/Frameworks",
				);
				PRODUCT_BUNDLE_IDENTIFIER = "ewfewfewf.day-11";
				PRODUCT_NAME = "$(TARGET_NAME)";
				SWIFT_VERSION = 5.0;
				TARGETED_DEVICE_FAMILY = "1,2";
			};
			name = Release;
		};
/* End XCBuildConfiguration section */

/* Begin XCConfigurationList section */
		9B95EA0727300BE100A5E402 /* Build configuration list for PBXProject "day_11" */ = {
			isa = XCConfigurationList;
			buildConfigurations = (
				9B95EA1E27300BE500A5E402 /* Debug */,
				9B95EA1F27300BE500A5E402 /* Release */,
			);
			defaultConfigurationIsVisible = 0;
			defaultConfigurationName = Release;
		};
		9B95EA2027300BE500A5E402 /* Build configuration list for PBXNativeTarget "day_11" */ = {
			isa = XCConfigurationList;
			buildConfigurations = (
				9B95EA2127300BE500A5E402 /* Debug */,
				9B95EA2227300BE500A5E402 /* Release */,
			);
			defaultConfigurationIsVisible = 0;
			defaultConfigurationName = Release;
		};
/* End XCConfigurationList section */
	};
	rootObject = 9B95EA0427300BE100A5E402 /* Project object */;
}
